github.com/FortAwesome/Font-Awesome v0.0.0-20220831210243-d3a7818c253f h1:bvkUptSRPZBr3Kxuk+bnWCEmQ5MtEJX5fjezyV0bC3g=
github.com/FortAwesome/Font-Awesome v0.0.0-20220831210243-d3a7818c253f/go.mod h1:IUgezN/MFpCDIlFezw3L8j83oeiIuYoj28Miwr/KUYo=
github.com/razonyang/hugopress v0.2.0 h1:q/JaYHE4Ew4AFYbmZVV7qTShO7cyZ1ZIA6FwMa2Ct30=
github.com/razonyang/hugopress v0.2.0/go.mod h1:QliBWV3WwwkayNOm0aJbnn0d3j7IYT5Q7yCB0lygZDA=
